<?xml version="1.0" encoding="utf-8"?>
<Project ToolsVersion="4.0" xmlns="http://schemas.microsoft.com/developer/msbuild/2003">
  <ItemGroup>
    <Filter Include="Source Files">
      <UniqueIdentifier>{0140b128-c031-48d9-892d-08623d59db6e}</UniqueIdentifier>
    </Filter>
    <Filter Include="Source Files\Thirdparty">
      <UniqueIdentifier>{d146da03-2794-4749-a5fa-41c88ed603ef}</UniqueIdentifier>
    </Filter>
    <Filter Include="Source Files\Thirdparty\Dear ImGui">
      <UniqueIdentifier>{8f2dd482-b789-432b-b00a-d19b25742c64}</UniqueIdentifier>
    </Filter>
    <Filter Include="Source Files\Resources">
      <UniqueIdentifier>{dce15224-8994-4194-bb84-599255394d6a}</UniqueIdentifier>
    </Filter>
    <Filter Include="Source Files\Resources\Fonts">
      <UniqueIdentifier>{1381d736-7283-45fb-b921-8c0c2985557c}</UniqueIdentifier>
    </Filter>
    <Filter Include="Source Files\Thirdparty\Dear ImGui\addons">
      <UniqueIdentifier>{d5cb544c-6252-4ad1-a9ec-2a4703c2832f}</UniqueIdentifier>
    </Filter>
    <Filter Include="Source Files\Thirdparty\Dear ImGui\backends">
      <UniqueIdentifier>{b7f071fb-7da5-43ba-a653-e562620cefb5}</UniqueIdentifier>
    </Filter>
    <Filter Include="Source Files\Thirdparty\Dear ImGui\misc">
      <UniqueIdentifier>{bc15e503-50db-46b8-87d3-4d1b6b4cdf52}</UniqueIdentifier>
    </Filter>
    <Filter Include="Source Files\Resources\Textures">
      <UniqueIdentifier>{a43e8d75-2e39-4b02-a7fc-f0333dfdaf6d}</UniqueIdentifier>
    </Filter>
  </ItemGroup>
  <ItemGroup>
    <ClCompile Include="StdAfx.cpp">
      <Filter>Source Files</Filter>
    </ClCompile>
    <ClCompile Include="Main.cpp">
      <Filter>Source Files</Filter>
    </ClCompile>
    <ClCompile Include="Window.cpp">
      <Filter>Source Files</Filter>
    </ClCompile>
    <ClCompile Include="DirectX.cpp">
      <Filter>Source Files</Filter>
    </ClCompile>
    <ClCompile Include="Gui.cpp">
      <Filter>Source Files</Filter>
    </ClCompile>
    <ClCompile Include="Thirdparty\Dear ImGui\imgui.cpp">
      <Filter>Source Files\Thirdparty\Dear ImGui</Filter>
    </ClCompile>
    <ClCompile Include="Thirdparty\Dear ImGui\imgui_demo.cpp">
      <Filter>Source Files\Thirdparty\Dear ImGui</Filter>
    </ClCompile>
    <ClCompile Include="Thirdparty\Dear ImGui\imgui_draw.cpp">
      <Filter>Source Files\Thirdparty\Dear ImGui</Filter>
    </ClCompile>
    <ClCompile Include="Thirdparty\Dear ImGui\imgui_tables.cpp">
      <Filter>Source Files\Thirdparty\Dear ImGui</Filter>
    </ClCompile>
    <ClCompile Include="Thirdparty\Dear ImGui\imgui_widgets.cpp">
      <Filter>Source Files\Thirdparty\Dear ImGui</Filter>
    </ClCompile>
    <ClCompile Include="Thirdparty\Dear ImGui\addons\imgui_addons.cpp">
      <Filter>Source Files\Thirdparty\Dear ImGui\addons</Filter>
    </ClCompile>
    <ClCompile Include="Thirdparty\Dear ImGui\backends\imgui_impl_dx11.cpp">
      <Filter>Source Files\Thirdparty\Dear ImGui\backends</Filter>
    </ClCompile>
    <ClCompile Include="Thirdparty\Dear ImGui\backends\imgui_impl_win32.cpp">
      <Filter>Source Files\Thirdparty\Dear ImGui\backends</Filter>
    </ClCompile>
    <ClCompile Include="Thirdparty\Dear ImGui\misc\imgui_freetype.cpp">
      <Filter>Source Files\Thirdparty\Dear ImGui\misc</Filter>
    </ClCompile>
    <ClCompile Include="Textures.cpp">
      <Filter>Source Files</Filter>
    </ClCompile>
    <ClCompile Include="clicker\clicker.cpp" />
  </ItemGroup>
  <ItemGroup>
    <ClInclude Include="StdAfx.h">
      <Filter>Source Files</Filter>
    </ClInclude>
    <ClInclude Include="Globals.h">
      <Filter>Source Files</Filter>
    </ClInclude>
    <ClInclude Include="Window.h">
      <Filter>Source Files</Filter>
    </ClInclude>
    <ClInclude Include="DirectX.h">
      <Filter>Source Files</Filter>
    </ClInclude>
    <ClInclude Include="Gui.h">
      <Filter>Source Files</Filter>
    </ClInclude>
    <ClInclude Include="Resources\Fonts\IconsFontAwesome6.h">
      <Filter>Source Files\Resources\Fonts</Filter>
    </ClInclude>
    <ClInclude Include="Resources\Fonts\IconsFontAwesome6_Bytes.h">
      <Filter>Source Files\Resources\Fonts</Filter>
    </ClInclude>
    <ClInclude Include="Resources\Fonts\IconsFontAwesome6Brands.h">
      <Filter>Source Files\Resources\Fonts</Filter>
    </ClInclude>
    <ClInclude Include="Resources\Fonts\IconsFontAwesome6Brands_Bytes.h">
      <Filter>Source Files\Resources\Fonts</Filter>
    </ClInclude>
    <ClInclude Include="Thirdparty\Dear ImGui\imconfig.h">
      <Filter>Source Files\Thirdparty\Dear ImGui</Filter>
    </ClInclude>
    <ClInclude Include="Thirdparty\Dear ImGui\imgui.h">
      <Filter>Source Files\Thirdparty\Dear ImGui</Filter>
    </ClInclude>
    <ClInclude Include="Thirdparty\Dear ImGui\imgui_internal.h">
      <Filter>Source Files\Thirdparty\Dear ImGui</Filter>
    </ClInclude>
    <ClInclude Include="Thirdparty\Dear ImGui\imstb_rectpack.h">
      <Filter>Source Files\Thirdparty\Dear ImGui</Filter>
    </ClInclude>
    <ClInclude Include="Thirdparty\Dear ImGui\imstb_textedit.h">
      <Filter>Source Files\Thirdparty\Dear ImGui</Filter>
    </ClInclude>
    <ClInclude Include="Thirdparty\Dear ImGui\imstb_truetype.h">
      <Filter>Source Files\Thirdparty\Dear ImGui</Filter>
    </ClInclude>
    <ClInclude Include="Thirdparty\Dear ImGui\addons\imgui_addons.h">
      <Filter>Source Files\Thirdparty\Dear ImGui\addons</Filter>
    </ClInclude>
    <ClInclude Include="Thirdparty\Dear ImGui\backends\imgui_impl_dx11.h">
      <Filter>Source Files\Thirdparty\Dear ImGui\backends</Filter>
    </ClInclude>
    <ClInclude Include="Thirdparty\Dear ImGui\backends\imgui_impl_win32.h">
      <Filter>Source Files\Thirdparty\Dear ImGui\backends</Filter>
    </ClInclude>
    <ClInclude Include="Thirdparty\Dear ImGui\misc\imgui_freetype.h">
      <Filter>Source Files\Thirdparty\Dear ImGui\misc</Filter>
    </ClInclude>
    <ClInclude Include="Resources\Textures\icon_ak47.h">
      <Filter>Source Files\Resources\Textures</Filter>
    </ClInclude>
    <ClInclude Include="Resources\Textures\icon_deagle.h">
      <Filter>Source Files\Resources\Textures</Filter>
    </ClInclude>
    <ClInclude Include="Resources\Textures\icon_minigun.h">
      <Filter>Source Files\Resources\Textures</Filter>
    </ClInclude>
    <ClInclude Include="Resources\Textures\icon_mp5.h">
      <Filter>Source Files\Resources\Textures</Filter>
    </ClInclude>
    <ClInclude Include="Resources\Textures\icon_shotgun.h">
      <Filter>Source Files\Resources\Textures</Filter>
    </ClInclude>
    <ClInclude Include="Resources\Textures\icon_sniper.h">
      <Filter>Source Files\Resources\Textures</Filter>
    </ClInclude>
    <ClInclude Include="Resources\Fonts\Poppins_Medium.h">
      <Filter>Source Files\Resources\Fonts</Filter>
    </ClInclude>
    <ClInclude Include="Textures.h">
      <Filter>Source Files</Filter>
    </ClInclude>
    <ClInclude Include="Thirdparty\Dear ImGui\addons\imgui_notification.h">
      <Filter>Source Files\Thirdparty\Dear ImGui\addons</Filter>
    </ClInclude>
    <ClInclude Include="clicker\clicker.hpp" />
    <ClInclude Include="algorithm.h" />
  </ItemGroup>
</Project>